
Microsoft Visual Studio Solution File, Format Version 12.00
# Visual Studio Version 16
VisualStudioVersion = 16.0.30907.101
MinimumVisualStudioVersion = 10.0.40219.1
Project("{FAE04EC0-301F-11D3-BF4B-00C04F79EFBC}") = "RadSaViseFormi", "RadSaViseFormi\RadSaViseFormi.csproj", "{1A005FB6-4EE5-4096-9D3D-648B05624F2A}"
EndProject
Global
	GlobalSection(SolutionConfigurationPlatforms) = preSolution
		Debug|Any CPU = Debug|Any CPU
		Release|Any CPU = Release|Any CPU
	EndGlobalSection
	GlobalSection(ProjectConfigurationPlatforms) = postSolution
		{1A005FB6-4EE5-4096-9D3D-648B05624F2A}.Debug|Any CPU.ActiveCfg = Debug|Any CPU
		{1A005FB6-4EE5-4096-9D3D-648B05624F2A}.Debug|Any CPU.Build.0 = Debug|Any CPU
		{1A005FB6-4EE5-4096-9D3D-648B05624F2A}.Release|Any CPU.ActiveCfg = Release|Any CPU
		{1A005FB6-4EE5-4096-9D3D-648B05624F2A}.Release|Any CPU.Build.0 = Release|Any CPU
	EndGlobalSection
	GlobalSection(SolutionProperties) = preSolution
		HideSolutionNode = FALSE
	EndGlobalSection
	GlobalSection(ExtensibilityGlobals) = postSolution
		SolutionGuid = {21E4167F-2381-43B8-8179-47516A9006A7}
	EndGlobalSection
EndGlobal
